// !$*UTF8*$!
{
	archiveVersion = 1;
	classes = {
	};
	objectVersion = 50;
	objects = {

/* Begin PBXBuildFile section */
		01D34A88267EFA4A00CBE65A /* AppDelegate.swift in Sources */ = {isa = PBXBuildFile; fileRef = 01D34A87267EFA4A00CBE65A /* AppDelegate.swift */; };
		01D34A8A267EFA4A00CBE65A /* SceneDelegate.swift in Sources */ = {isa = PBXBuildFile; fileRef = 01D34A89267EFA4A00CBE65A /* SceneDelegate.swift */; };
		01D34A8C267EFA4A00CBE65A /* ContentView.swift in Sources */ = {isa = PBXBuildFile; fileRef = 01D34A8B267EFA4A00CBE65A /* ContentView.swift */; };
		01D34A8E267EFA4D00CBE65A /* Assets.xcassets in Resources */ = {isa = PBXBuildFile; fileRef = 01D34A8D267EFA4D00CBE65A /* Assets.xcassets */; };
		01D34A91267EFA4D00CBE65A /* Preview Assets.xcassets in Resources */ = {isa = PBXBuildFile; fileRef = 01D34A90267EFA4D00CBE65A /* Preview Assets.xcassets */; };
		01D34A94267EFA4D00CBE65A /* LaunchScreen.storyboard in Resources */ = {isa = PBXBuildFile; fileRef = 01D34A92267EFA4D00CBE65A /* LaunchScreen.storyboard */; };
		01D34AA0267F072600CBE65A /* AppView.swift in Sources */ = {isa = PBXBuildFile; fileRef = 01D34A9F267F072600CBE65A /* AppView.swift */; };
		01D34AA3267F075500CBE65A /* AvocadosView.swift in Sources */ = {isa = PBXBuildFile; fileRef = 01D34AA2267F075500CBE65A /* AvocadosView.swift */; };
		01D34AA6267F078E00CBE65A /* HeaderView.swift in Sources */ = {isa = PBXBuildFile; fileRef = 01D34AA5267F078E00CBE65A /* HeaderView.swift */; };
		01D34AAA267F07B000CBE65A /* RipeningStagesView.swift in Sources */ = {isa = PBXBuildFile; fileRef = 01D34AA9267F07B000CBE65A /* RipeningStagesView.swift */; };
		01D34AAD267F07C700CBE65A /* SettingsView.swift in Sources */ = {isa = PBXBuildFile; fileRef = 01D34AAC267F07C700CBE65A /* SettingsView.swift */; };
		01D34AB0267F07E100CBE65A /* DishesView.swift in Sources */ = {isa = PBXBuildFile; fileRef = 01D34AAF267F07E100CBE65A /* DishesView.swift */; };
		01D34AB3267F07F800CBE65A /* FactsView.swift in Sources */ = {isa = PBXBuildFile; fileRef = 01D34AB2267F07F800CBE65A /* FactsView.swift */; };
		01D34AB6267F081400CBE65A /* RecipeCardView.swift in Sources */ = {isa = PBXBuildFile; fileRef = 01D34AB5267F081400CBE65A /* RecipeCardView.swift */; };
		01D34AB9267F083000CBE65A /* RecipeRatingView.swift in Sources */ = {isa = PBXBuildFile; fileRef = 01D34AB8267F083000CBE65A /* RecipeRatingView.swift */; };
		01D34ABC267F084600CBE65A /* RecipeCookingView.swift in Sources */ = {isa = PBXBuildFile; fileRef = 01D34ABB267F084600CBE65A /* RecipeCookingView.swift */; };
		01D34ABF267F086300CBE65A /* RecipeDetailView.swift in Sources */ = {isa = PBXBuildFile; fileRef = 01D34ABE267F086300CBE65A /* RecipeDetailView.swift */; };
		01D34AC2267F087D00CBE65A /* RipeningView.swift in Sources */ = {isa = PBXBuildFile; fileRef = 01D34AC1267F087D00CBE65A /* RipeningView.swift */; };
		01D34AC5267F08AB00CBE65A /* HeaderModel.swift in Sources */ = {isa = PBXBuildFile; fileRef = 01D34AC4267F08AB00CBE65A /* HeaderModel.swift */; };
		01D34AC8267F08C300CBE65A /* FactModel.swift in Sources */ = {isa = PBXBuildFile; fileRef = 01D34AC7267F08C300CBE65A /* FactModel.swift */; };
		01D34ACB267F08D900CBE65A /* RecipeModel.swift in Sources */ = {isa = PBXBuildFile; fileRef = 01D34ACA267F08D900CBE65A /* RecipeModel.swift */; };
		01D34ACE267F08EE00CBE65A /* RipeningModel.swift in Sources */ = {isa = PBXBuildFile; fileRef = 01D34ACD267F08EE00CBE65A /* RipeningModel.swift */; };
		01D34AD1267F0A5700CBE65A /* HeaderData.swift in Sources */ = {isa = PBXBuildFile; fileRef = 01D34AD0267F0A5700CBE65A /* HeaderData.swift */; };
		01D34AD4267F0A7400CBE65A /* FactData.swift in Sources */ = {isa = PBXBuildFile; fileRef = 01D34AD3267F0A7400CBE65A /* FactData.swift */; };
		01D34AD7267F0A8F00CBE65A /* RecipeData.swift in Sources */ = {isa = PBXBuildFile; fileRef = 01D34AD6267F0A8F00CBE65A /* RecipeData.swift */; };
		01D34ADA267F0AAD00CBE65A /* RipeningData.swift in Sources */ = {isa = PBXBuildFile; fileRef = 01D34AD9267F0AAD00CBE65A /* RipeningData.swift */; };
/* End PBXBuildFile section */

/* Begin PBXFileReference section */
		01D34A84267EFA4A00CBE65A /* Avocados.app */ = {isa = PBXFileReference; explicitFileType = wrapper.application; includeInIndex = 0; path = Avocados.app; sourceTree = BUILT_PRODUCTS_DIR; };
		01D34A87267EFA4A00CBE65A /* AppDelegate.swift */ = {isa = PBXFileReference; lastKnownFileType = sourcecode.swift; path = AppDelegate.swift; sourceTree = "<group>"; };
		01D34A89267EFA4A00CBE65A /* SceneDelegate.swift */ = {isa = PBXFileReference; lastKnownFileType = sourcecode.swift; path = SceneDelegate.swift; sourceTree = "<group>"; };
		01D34A8B267EFA4A00CBE65A /* ContentView.swift */ = {isa = PBXFileReference; lastKnownFileType = sourcecode.swift; path = ContentView.swift; sourceTree = "<group>"; };
		01D34A8D267EFA4D00CBE65A /* Assets.xcassets */ = {isa = PBXFileReference; lastKnownFileType = folder.assetcatalog; path = Assets.xcassets; sourceTree = "<group>"; };
		01D34A90267EFA4D00CBE65A /* Preview Assets.xcassets */ = {isa = PBXFileReference; lastKnownFileType = folder.assetcatalog; path = "Preview Assets.xcassets"; sourceTree = "<group>"; };
		01D34A93267EFA4D00CBE65A /* Base */ = {isa = PBXFileReference; lastKnownFileType = file.storyboard; name = Base; path = Base.lproj/LaunchScreen.storyboard; sourceTree = "<group>"; };
		01D34A95267EFA4D00CBE65A /* Info.plist */ = {isa = PBXFileReference; lastKnownFileType = text.plist.xml; path = Info.plist; sourceTree = "<group>"; };
		01D34A9F267F072600CBE65A /* AppView.swift */ = {isa = PBXFileReference; lastKnownFileType = sourcecode.swift; path = AppView.swift; sourceTree = "<group>"; };
		01D34AA2267F075500CBE65A /* AvocadosView.swift */ = {isa = PBXFileReference; lastKnownFileType = sourcecode.swift; path = AvocadosView.swift; sourceTree = "<group>"; };
		01D34AA5267F078E00CBE65A /* HeaderView.swift */ = {isa = PBXFileReference; lastKnownFileType = sourcecode.swift; path = HeaderView.swift; sourceTree = "<group>"; };
		01D34AA9267F07B000CBE65A /* RipeningStagesView.swift */ = {isa = PBXFileReference; lastKnownFileType = sourcecode.swift; path = RipeningStagesView.swift; sourceTree = "<group>"; };
		01D34AAC267F07C700CBE65A /* SettingsView.swift */ = {isa = PBXFileReference; lastKnownFileType = sourcecode.swift; path = SettingsView.swift; sourceTree = "<group>"; };
		01D34AAF267F07E100CBE65A /* DishesView.swift */ = {isa = PBXFileReference; lastKnownFileType = sourcecode.swift; path = DishesView.swift; sourceTree = "<group>"; };
		01D34AB2267F07F800CBE65A /* FactsView.swift */ = {isa = PBXFileReference; lastKnownFileType = sourcecode.swift; path = FactsView.swift; sourceTree = "<group>"; };
		01D34AB5267F081400CBE65A /* RecipeCardView.swift */ = {isa = PBXFileReference; lastKnownFileType = sourcecode.swift; path = RecipeCardView.swift; sourceTree = "<group>"; };
		01D34AB8267F083000CBE65A /* RecipeRatingView.swift */ = {isa = PBXFileReference; lastKnownFileType = sourcecode.swift; path = RecipeRatingView.swift; sourceTree = "<group>"; };
		01D34ABB267F084600CBE65A /* RecipeCookingView.swift */ = {isa = PBXFileReference; lastKnownFileType = sourcecode.swift; path = RecipeCookingView.swift; sourceTree = "<group>"; };
		01D34ABE267F086300CBE65A /* RecipeDetailView.swift */ = {isa = PBXFileReference; lastKnownFileType = sourcecode.swift; path = RecipeDetailView.swift; sourceTree = "<group>"; };
		01D34AC1267F087D00CBE65A /* RipeningView.swift */ = {isa = PBXFileReference; lastKnownFileType = sourcecode.swift; path = RipeningView.swift; sourceTree = "<group>"; };
		01D34AC4267F08AB00CBE65A /* HeaderModel.swift */ = {isa = PBXFileReference; lastKnownFileType = sourcecode.swift; path = HeaderModel.swift; sourceTree = "<group>"; };
		01D34AC7267F08C300CBE65A /* FactModel.swift */ = {isa = PBXFileReference; lastKnownFileType = sourcecode.swift; path = FactModel.swift; sourceTree = "<group>"; };
		01D34ACA267F08D900CBE65A /* RecipeModel.swift */ = {isa = PBXFileReference; lastKnownFileType = sourcecode.swift; path = RecipeModel.swift; sourceTree = "<group>"; };
		01D34ACD267F08EE00CBE65A /* RipeningModel.swift */ = {isa = PBXFileReference; lastKnownFileType = sourcecode.swift; path = RipeningModel.swift; sourceTree = "<group>"; };
		01D34AD0267F0A5700CBE65A /* HeaderData.swift */ = {isa = PBXFileReference; lastKnownFileType = sourcecode.swift; path = HeaderData.swift; sourceTree = "<group>"; };
		01D34AD3267F0A7400CBE65A /* FactData.swift */ = {isa = PBXFileReference; lastKnownFileType = sourcecode.swift; path = FactData.swift; sourceTree = "<group>"; };
		01D34AD6267F0A8F00CBE65A /* RecipeData.swift */ = {isa = PBXFileReference; lastKnownFileType = sourcecode.swift; path = RecipeData.swift; sourceTree = "<group>"; };
		01D34AD9267F0AAD00CBE65A /* RipeningData.swift */ = {isa = PBXFileReference; lastKnownFileType = sourcecode.swift; path = RipeningData.swift; sourceTree = "<group>"; };
/* End PBXFileReference section */

/* Begin PBXFrameworksBuildPhase section */
		01D34A81267EFA4A00CBE65A /* Frameworks */ = {
			isa = PBXFrameworksBuildPhase;
			buildActionMask = 2147483647;
			files = (
			);
			runOnlyForDeploymentPostprocessing = 0;
		};
/* End PBXFrameworksBuildPhase section */

/* Begin PBXGroup section */
		01D34A7B267EFA4A00CBE65A = {
			isa = PBXGroup;
			children = (
				01D34A86267EFA4A00CBE65A /* Avocados */,
				01D34A85267EFA4A00CBE65A /* Products */,
			);
			sourceTree = "<group>";
		};
		01D34A85267EFA4A00CBE65A /* Products */ = {
			isa = PBXGroup;
			children = (
				01D34A84267EFA4A00CBE65A /* Avocados.app */,
			);
			name = Products;
			sourceTree = "<group>";
		};
		01D34A86267EFA4A00CBE65A /* Avocados */ = {
			isa = PBXGroup;
			children = (
				01D34A9C267F06D500CBE65A /* View */,
				01D34A9E267F06F000CBE65A /* Model */,
				01D34A9D267F06EA00CBE65A /* Data */,
				01D34A87267EFA4A00CBE65A /* AppDelegate.swift */,
				01D34A89267EFA4A00CBE65A /* SceneDelegate.swift */,
				01D34A8D267EFA4D00CBE65A /* Assets.xcassets */,
				01D34A92267EFA4D00CBE65A /* LaunchScreen.storyboard */,
				01D34A95267EFA4D00CBE65A /* Info.plist */,
				01D34A8F267EFA4D00CBE65A /* Preview Content */,
			);
			path = Avocados;
			sourceTree = "<group>";
		};
		01D34A8F267EFA4D00CBE65A /* Preview Content */ = {
			isa = PBXGroup;
			children = (
				01D34A90267EFA4D00CBE65A /* Preview Assets.xcassets */,
			);
			path = "Preview Content";
			sourceTree = "<group>";
		};
		01D34A9C267F06D500CBE65A /* View */ = {
			isa = PBXGroup;
			children = (
				01D34A9F267F072600CBE65A /* AppView.swift */,
				01D34AA2267F075500CBE65A /* AvocadosView.swift */,
				01D34A8B267EFA4A00CBE65A /* ContentView.swift */,
				01D34AA5267F078E00CBE65A /* HeaderView.swift */,
				01D34AA9267F07B000CBE65A /* RipeningStagesView.swift */,
				01D34AAC267F07C700CBE65A /* SettingsView.swift */,
				01D34AAF267F07E100CBE65A /* DishesView.swift */,
				01D34AB2267F07F800CBE65A /* FactsView.swift */,
				01D34AB5267F081400CBE65A /* RecipeCardView.swift */,
				01D34AB8267F083000CBE65A /* RecipeRatingView.swift */,
				01D34ABB267F084600CBE65A /* RecipeCookingView.swift */,
				01D34ABE267F086300CBE65A /* RecipeDetailView.swift */,
				01D34AC1267F087D00CBE65A /* RipeningView.swift */,
			);
			path = View;
			sourceTree = "<group>";
		};
		01D34A9D267F06EA00CBE65A /* Data */ = {
			isa = PBXGroup;
			children = (
				01D34AD0267F0A5700CBE65A /* HeaderData.swift */,
				01D34AD3267F0A7400CBE65A /* FactData.swift */,
				01D34AD6267F0A8F00CBE65A /* RecipeData.swift */,
				01D34AD9267F0AAD00CBE65A /* RipeningData.swift */,
			);
			path = Data;
			sourceTree = "<group>";
		};
		01D34A9E267F06F000CBE65A /* Model */ = {
			isa = PBXGroup;
			children = (
				01D34AC4267F08AB00CBE65A /* HeaderModel.swift */,
				01D34AC7267F08C300CBE65A /* FactModel.swift */,
				01D34ACA267F08D900CBE65A /* RecipeModel.swift */,
				01D34ACD267F08EE00CBE65A /* RipeningModel.swift */,
			);
			path = Model;
			sourceTree = "<group>";
		};
/* End PBXGroup section */

/* Begin PBXNativeTarget section */
		01D34A83267EFA4A00CBE65A /* Avocados */ = {
			isa = PBXNativeTarget;
			buildConfigurationList = 01D34A98267EFA4D00CBE65A /* Build configuration list for PBXNativeTarget "Avocados" */;
			buildPhases = (
				01D34A80267EFA4A00CBE65A /* Sources */,
				01D34A81267EFA4A00CBE65A /* Frameworks */,
				01D34A82267EFA4A00CBE65A /* Resources */,
			);
			buildRules = (
			);
			dependencies = (
			);
			name = Avocados;
			productName = Avocados;
			productReference = 01D34A84267EFA4A00CBE65A /* Avocados.app */;
			productType = "com.apple.product-type.application";
		};
/* End PBXNativeTarget section */

/* Begin PBXProject section */
		01D34A7C267EFA4A00CBE65A /* Project object */ = {
			isa = PBXProject;
			attributes = {
				LastSwiftUpdateCheck = 1240;
				LastUpgradeCheck = 1240;
				TargetAttributes = {
					01D34A83267EFA4A00CBE65A = {
						CreatedOnToolsVersion = 12.4;
					};
				};
			};
			buildConfigurationList = 01D34A7F267EFA4A00CBE65A /* Build configuration list for PBXProject "Avocados" */;
			compatibilityVersion = "Xcode 9.3";
			developmentRegion = en;
			hasScannedForEncodings = 0;
			knownRegions = (
				en,
				Base,
			);
			mainGroup = 01D34A7B267EFA4A00CBE65A;
			productRefGroup = 01D34A85267EFA4A00CBE65A /* Products */;
			projectDirPath = "";
			projectRoot = "";
			targets = (
				01D34A83267EFA4A00CBE65A /* Avocados */,
			);
		};
/* End PBXProject section */

/* Begin PBXResourcesBuildPhase section */
		01D34A82267EFA4A00CBE65A /* Resources */ = {
			isa = PBXResourcesBuildPhase;
			buildActionMask = 2147483647;
			files = (
				01D34A94267EFA4D00CBE65A /* LaunchScreen.storyboard in Resources */,
				01D34A91267EFA4D00CBE65A /* Preview Assets.xcassets in Resources */,
				01D34A8E267EFA4D00CBE65A /* Assets.xcassets in Resources */,
			);
			runOnlyForDeploymentPostprocessing = 0;
		};
/* End PBXResourcesBuildPhase section */

/* Begin PBXSourcesBuildPhase section */
		01D34A80267EFA4A00CBE65A /* Sources */ = {
			isa = PBXSourcesBuildPhase;
			buildActionMask = 2147483647;
			files = (
				01D34ABC267F084600CBE65A /* RecipeCookingView.swift in Sources */,
				01D34AC8267F08C300CBE65A /* FactModel.swift in Sources */,
				01D34AD4267F0A7400CBE65A /* FactData.swift in Sources */,
				01D34AB3267F07F800CBE65A /* FactsView.swift in Sources */,
				01D34AB9267F083000CBE65A /* RecipeRatingView.swift in Sources */,
				01D34AB6267F081400CBE65A /* RecipeCardView.swift in Sources */,
				01D34AA3267F075500CBE65A /* AvocadosView.swift in Sources */,
				01D34AAD267F07C700CBE65A /* SettingsView.swift in Sources */,
				01D34AC5267F08AB00CBE65A /* HeaderModel.swift in Sources */,
				01D34ADA267F0AAD00CBE65A /* RipeningData.swift in Sources */,
				01D34AA6267F078E00CBE65A /* HeaderView.swift in Sources */,
				01D34ACE267F08EE00CBE65A /* RipeningModel.swift in Sources */,
				01D34AC2267F087D00CBE65A /* RipeningView.swift in Sources */,
				01D34ABF267F086300CBE65A /* RecipeDetailView.swift in Sources */,
				01D34AA0267F072600CBE65A /* AppView.swift in Sources */,
				01D34A88267EFA4A00CBE65A /* AppDelegate.swift in Sources */,
				01D34AB0267F07E100CBE65A /* DishesView.swift in Sources */,
				01D34AAA267F07B000CBE65A /* RipeningStagesView.swift in Sources */,
				01D34A8A267EFA4A00CBE65A /* SceneDelegate.swift in Sources */,
				01D34A8C267EFA4A00CBE65A /* ContentView.swift in Sources */,
				01D34AD7267F0A8F00CBE65A /* RecipeData.swift in Sources */,
				01D34AD1267F0A5700CBE65A /* HeaderData.swift in Sources */,
				01D34ACB267F08D900CBE65A /* RecipeModel.swift in Sources */,
			);
			runOnlyForDeploymentPostprocessing = 0;
		};
/* End PBXSourcesBuildPhase section */

/* Begin PBXVariantGroup section */
		01D34A92267EFA4D00CBE65A /* LaunchScreen.storyboard */ = {
			isa = PBXVariantGroup;
			children = (
				01D34A93267EFA4D00CBE65A /* Base */,
			);
			name = LaunchScreen.storyboard;
			sourceTree = "<group>";
		};
/* End PBXVariantGroup section */

/* Begin XCBuildConfiguration section */
		01D34A96267EFA4D00CBE65A /* Debug */ = {
			isa = XCBuildConfiguration;
			buildSettings = {
				ALWAYS_SEARCH_USER_PATHS = NO;
				CLANG_ANALYZER_NONNULL = YES;
				CLANG_ANALYZER_NUMBER_OBJECT_CONVERSION = YES_AGGRESSIVE;
				CLANG_CXX_LANGUAGE_STANDARD = "gnu++14";
				CLANG_CXX_LIBRARY = "libc++";
				CLANG_ENABLE_MODULES = YES;
				CLANG_ENABLE_OBJC_ARC = YES;
				CLANG_ENABLE_OBJC_WEAK = YES;
				CLANG_WARN_BLOCK_CAPTURE_AUTORELEASING = YES;
				CLANG_WARN_BOOL_CONVERSION = YES;
				CLANG_WARN_COMMA = YES;
				CLANG_WARN_CONSTANT_CONVERSION = YES;
				CLANG_WARN_DEPRECATED_OBJC_IMPLEMENTATIONS = YES;
				CLANG_WARN_DIRECT_OBJC_ISA_USAGE = YES_ERROR;
				CLANG_WARN_DOCUMENTATION_COMMENTS = YES;
				CLANG_WARN_EMPTY_BODY = YES;
				CLANG_WARN_ENUM_CONVERSION = YES;
				CLANG_WARN_INFINITE_RECURSION = YES;
				CLANG_WARN_INT_CONVERSION = YES;
				CLANG_WARN_NON_LITERAL_NULL_CONVERSION = YES;
				CLANG_WARN_OBJC_IMPLICIT_RETAIN_SELF = YES;
				CLANG_WARN_OBJC_LITERAL_CONVERSION = YES;
				CLANG_WARN_OBJC_ROOT_CLASS = YES_ERROR;
				CLANG_WARN_QUOTED_INCLUDE_IN_FRAMEWORK_HEADER = YES;
				CLANG_WARN_RANGE_LOOP_ANALYSIS = YES;
				CLANG_WARN_STRICT_PROTOTYPES = YES;
				CLANG_WARN_SUSPICIOUS_MOVE = YES;
				CLANG_WARN_UNGUARDED_AVAILABILITY = YES_AGGRESSIVE;
				CLANG_WARN_UNREACHABLE_CODE = YES;
				CLANG_WARN__DUPLICATE_METHOD_MATCH = YES;
				COPY_PHASE_STRIP = NO;
				DEBUG_INFORMATION_FORMAT = dwarf;
				ENABLE_STRICT_OBJC_MSGSEND = YES;
				ENABLE_TESTABILITY = YES;
				GCC_C_LANGUAGE_STANDARD = gnu11;
				GCC_DYNAMIC_NO_PIC = NO;
				GCC_NO_COMMON_BLOCKS = YES;
				GCC_OPTIMIZATION_LEVEL = 0;
				GCC_PREPROCESSOR_DEFINITIONS = (
					"DEBUG=1",
					"$(inherited)",
				);
				GCC_WARN_64_TO_32_BIT_CONVERSION = YES;
				GCC_WARN_ABOUT_RETURN_TYPE = YES_ERROR;
				GCC_WARN_UNDECLARED_SELECTOR = YES;
				GCC_WARN_UNINITIALIZED_AUTOS = YES_AGGRESSIVE;
				GCC_WARN_UNUSED_FUNCTION = YES;
				GCC_WARN_UNUSED_VARIABLE = YES;
				IPHONEOS_DEPLOYMENT_TARGET = 14.4;
				MTL_ENABLE_DEBUG_INFO = INCLUDE_SOURCE;
				MTL_FAST_MATH = YES;
				ONLY_ACTIVE_ARCH = YES;
				SDKROOT = iphoneos;
				SWIFT_ACTIVE_COMPILATION_CONDITIONS = DEBUG;
				SWIFT_OPTIMIZATION_LEVEL = "-Onone";
			};
			name = Debug;
		};
		01D34A97267EFA4D00CBE65A /* Release */ = {
			isa = XCBuildConfiguration;
			buildSettings = {
				ALWAYS_SEARCH_USER_PATHS = NO;
				CLANG_ANALYZER_NONNULL = YES;
				CLANG_ANALYZER_NUMBER_OBJECT_CONVERSION = YES_AGGRESSIVE;
				CLANG_CXX_LANGUAGE_STANDARD = "gnu++14";
				CLANG_CXX_LIBRARY = "libc++";
				CLANG_ENABLE_MODULES = YES;
				CLANG_ENABLE_OBJC_ARC = YES;
				CLANG_ENABLE_OBJC_WEAK = YES;
				CLANG_WARN_BLOCK_CAPTURE_AUTORELEASING = YES;
				CLANG_WARN_BOOL_CONVERSION = YES;
				CLANG_WARN_COMMA = YES;
				CLANG_WARN_CONSTANT_CONVERSION = YES;
				CLANG_WARN_DEPRECATED_OBJC_IMPLEMENTATIONS = YES;
				CLANG_WARN_DIRECT_OBJC_ISA_USAGE = YES_ERROR;
				CLANG_WARN_DOCUMENTATION_COMMENTS = YES;
				CLANG_WARN_EMPTY_BODY = YES;
				CLANG_WARN_ENUM_CONVERSION = YES;
				CLANG_WARN_INFINITE_RECURSION = YES;
				CLANG_WARN_INT_CONVERSION = YES;
				CLANG_WARN_NON_LITERAL_NULL_CONVERSION = YES;
				CLANG_WARN_OBJC_IMPLICIT_RETAIN_SELF = YES;
				CLANG_WARN_OBJC_LITERAL_CONVERSION = YES;
				CLANG_WARN_OBJC_ROOT_CLASS = YES_ERROR;
				CLANG_WARN_QUOTED_INCLUDE_IN_FRAMEWORK_HEADER = YES;
				CLANG_WARN_RANGE_LOOP_ANALYSIS = YES;
				CLANG_WARN_STRICT_PROTOTYPES = YES;
				CLANG_WARN_SUSPICIOUS_MOVE = YES;
				CLANG_WARN_UNGUARDED_AVAILABILITY = YES_AGGRESSIVE;
				CLANG_WARN_UNREACHABLE_CODE = YES;
				CLANG_WARN__DUPLICATE_METHOD_MATCH = YES;
				COPY_PHASE_STRIP = NO;
				DEBUG_INFORMATION_FORMAT = "dwarf-with-dsym";
				ENABLE_NS_ASSERTIONS = NO;
				ENABLE_STRICT_OBJC_MSGSEND = YES;
				GCC_C_LANGUAGE_STANDARD = gnu11;
				GCC_NO_COMMON_BLOCKS = YES;
				GCC_WARN_64_TO_32_BIT_CONVERSION = YES;
				GCC_WARN_ABOUT_RETURN_TYPE = YES_ERROR;
				GCC_WARN_UNDECLARED_SELECTOR = YES;
				GCC_WARN_UNINITIALIZED_AUTOS = YES_AGGRESSIVE;
				GCC_WARN_UNUSED_FUNCTION = YES;
				GCC_WARN_UNUSED_VARIABLE = YES;
				IPHONEOS_DEPLOYMENT_TARGET = 14.4;
				MTL_ENABLE_DEBUG_INFO = NO;
				MTL_FAST_MATH = YES;
				SDKROOT = iphoneos;
				SWIFT_COMPILATION_MODE = wholemodule;
				SWIFT_OPTIMIZATION_LEVEL = "-O";
				VALIDATE_PRODUCT = YES;
			};
			name = Release;
		};
		01D34A99267EFA4D00CBE65A /* Debug */ = {
			isa = XCBuildConfiguration;
			buildSettings = {
				ASSETCATALOG_COMPILER_APPICON_NAME = AppIcon;
				ASSETCATALOG_COMPILER_GLOBAL_ACCENT_COLOR_NAME = AccentColor;
				CODE_SIGN_STYLE = Automatic;
				DEVELOPMENT_ASSET_PATHS = "\"Avocados/Preview Content\"";
				DEVELOPMENT_TEAM = 3G46N5JLN2;
				ENABLE_PREVIEWS = YES;
				INFOPLIST_FILE = Avocados/Info.plist;
				LD_RUNPATH_SEARCH_PATHS = (
					"$(inherited)",
					"@executable_path/Frameworks",
				);
				PRODUCT_BUNDLE_IDENTIFIER = com.bitdegree.Avocados;
				PRODUCT_NAME = "$(TARGET_NAME)";
				SWIFT_VERSION = 5.0;
				TARGETED_DEVICE_FAMILY = "1,2";
			};
			name = Debug;
		};
		01D34A9A267EFA4D00CBE65A /* Release */ = {
			isa = XCBuildConfiguration;
			buildSettings = {
				ASSETCATALOG_COMPILER_APPICON_NAME = AppIcon;
				ASSETCATALOG_COMPILER_GLOBAL_ACCENT_COLOR_NAME = AccentColor;
				CODE_SIGN_STYLE = Automatic;
				DEVELOPMENT_ASSET_PATHS = "\"Avocados/Preview Content\"";
				DEVELOPMENT_TEAM = 3G46N5JLN2;
				ENABLE_PREVIEWS = YES;
				INFOPLIST_FILE = Avocados/Info.plist;
				LD_RUNPATH_SEARCH_PATHS = (
					"$(inherited)",
					"@executable_path/Frameworks",
				);
				PRODUCT_BUNDLE_IDENTIFIER = com.bitdegree.Avocados;
				PRODUCT_NAME = "$(TARGET_NAME)";
				SWIFT_VERSION = 5.0;
				TARGETED_DEVICE_FAMILY = "1,2";
			};
			name = Release;
		};
/* End XCBuildConfiguration section */

/* Begin XCConfigurationList section */
		01D34A7F267EFA4A00CBE65A /* Build configuration list for PBXProject "Avocados" */ = {
			isa = XCConfigurationList;
			buildConfigurations = (
				01D34A96267EFA4D00CBE65A /* Debug */,
				01D34A97267EFA4D00CBE65A /* Release */,
			);
			defaultConfigurationIsVisible = 0;
			defaultConfigurationName = Release;
		};
		01D34A98267EFA4D00CBE65A /* Build configuration list for PBXNativeTarget "Avocados" */ = {
			isa = XCConfigurationList;
			buildConfigurations = (
				01D34A99267EFA4D00CBE65A /* Debug */,
				01D34A9A267EFA4D00CBE65A /* Release */,
			);
			defaultConfigurationIsVisible = 0;
			defaultConfigurationName = Release;
		};
/* End XCConfigurationList section */
	};
	rootObject = 01D34A7C267EFA4A00CBE65A /* Project object */;
}
